Microsoft Visual Studio Solution File, Format Version 12.00
# Visual Studio 2012
Project("{FAE04EC0-301F-11D3-BF4B-00C04F79EFBC}") = "Froggy", "Froggy.csproj", "{40632FA0-346A-4252-9926-C6616C58403C}"
EndProject
Global
	GlobalSection(SolutionConfigurationPlatforms) = preSolution
	Debug|Any CPU = Debug|Any CPU
	ExportDebug|Any CPU = ExportDebug|Any CPU
	ExportRelease|Any CPU = ExportRelease|Any CPU
	EndGlobalSection
	GlobalSection(ProjectConfigurationPlatforms) = postSolution
		{40632FA0-346A-4252-9926-C6616C58403C}.Debug|Any CPU.ActiveCfg = Debug|Any CPU
		{40632FA0-346A-4252-9926-C6616C58403C}.Debug|Any CPU.Build.0 = Debug|Any CPU
		{40632FA0-346A-4252-9926-C6616C58403C}.ExportDebug|Any CPU.ActiveCfg = ExportDebug|Any CPU
		{40632FA0-346A-4252-9926-C6616C58403C}.ExportDebug|Any CPU.Build.0 = ExportDebug|Any CPU
		{40632FA0-346A-4252-9926-C6616C58403C}.ExportRelease|Any CPU.ActiveCfg = ExportRelease|Any CPU
		{40632FA0-346A-4252-9926-C6616C58403C}.ExportRelease|Any CPU.Build.0 = ExportRelease|Any CPU
	EndGlobalSection
EndGlobal
